
Microsoft Visual Studio Solution File, Format Version 12.00
# Visual Studio Version 17
VisualStudioVersion = 17.9.34622.214
MinimumVisualStudioVersion = 10.0.40219.1
Project("{9A19103F-16F7-4668-BE54-9A1E7A4F7556}") = "Avalonia_RB", "Avalonia_RB\Avalonia_RB.csproj", "{C5096B98-23B7-433E-A9E7-D1A40D01575E}"
EndProject
Project("{9A19103F-16F7-4668-BE54-9A1E7A4F7556}") = "Avalonia_RB.Desktop", "Avalonia_RB.Desktop\Avalonia_RB.Desktop.csproj", "{844ADBDA-9ED8-42D4-B287-C46DBA14EDB6}"
EndProject
Global
	GlobalSection(SolutionConfigurationPlatforms) = preSolution
		Debug|Any CPU = Debug|Any CPU
		Release|Any CPU = Release|Any CPU
	EndGlobalSection
	GlobalSection(ProjectConfigurationPlatforms) = postSolution
		{C5096B98-23B7-433E-A9E7-D1A40D01575E}.Debug|Any CPU.ActiveCfg = Debug|Any CPU
		{C5096B98-23B7-433E-A9E7-D1A40D01575E}.Debug|Any CPU.Build.0 = Debug|Any CPU
		{C5096B98-23B7-433E-A9E7-D1A40D01575E}.Release|Any CPU.ActiveCfg = Release|Any CPU
		{C5096B98-23B7-433E-A9E7-D1A40D01575E}.Release|Any CPU.Build.0 = Release|Any CPU
		{844ADBDA-9ED8-42D4-B287-C46DBA14EDB6}.Debug|Any CPU.ActiveCfg = Debug|Any CPU
		{844ADBDA-9ED8-42D4-B287-C46DBA14EDB6}.Debug|Any CPU.Build.0 = Debug|Any CPU
		{844ADBDA-9ED8-42D4-B287-C46DBA14EDB6}.Release|Any CPU.ActiveCfg = Release|Any CPU
		{844ADBDA-9ED8-42D4-B287-C46DBA14EDB6}.Release|Any CPU.Build.0 = Release|Any CPU
	EndGlobalSection
	GlobalSection(SolutionProperties) = preSolution
		HideSolutionNode = FALSE
	EndGlobalSection
	GlobalSection(ExtensibilityGlobals) = postSolution
		SolutionGuid = {89742D65-ABE0-4DEA-B006-8D741097936E}
	EndGlobalSection
EndGlobal
